
Microsoft Visual Studio Solution File, Format Version 12.00
# Visual Studio Version 17
VisualStudioVersion = 17.14.36301.6 d17.14
MinimumVisualStudioVersion = 10.0.40219.1
Project("{FAE04EC0-301F-11D3-BF4B-00C04F79EFBC}") = "CleanArchitecture.Utilities", "CleanArchitecture.Utilities\CleanArchitecture.Utilities.csproj", "{3C43BB90-A039-4659-873A-D94773D43EEC}"
EndProject
Project("{FAE04EC0-301F-11D3-BF4B-00C04F79EFBC}") = "CleanArchitecture.Services", "CleanArchitecture.Services\CleanArchitecture.Services.csproj", "{70EF0863-7027-4F2F-83C0-2A38F59E6C64}"
EndProject
Project("{FAE04EC0-301F-11D3-BF4B-00C04F79EFBC}") = "CleanArchitecture.DataAccess", "CleanArchitecture.DataAccess\CleanArchitecture.DataAccess.csproj", "{EFFBB70E-0D2E-40A7-8F06-3000CF091740}"
EndProject
Project("{FAE04EC0-301F-11D3-BF4B-00C04F79EFBC}") = "CleanArchitecture.Api", "CleanArchitecture.Api\CleanArchitecture.Api.csproj", "{D2BC5F18-68E0-4C7A-9C72-BCDF8D2CE751}"
EndProject
Project("{FAE04EC0-301F-11D3-BF4B-00C04F79EFBC}") = "CleanArchitecture.Infrastructure", "CleanArchitecture.Infrastructure\CleanArchitecture.Infrastructure.csproj", "{0FE6F490-4A8B-4EF5-A576-07F0ACCE411D}"
EndProject
Global
	GlobalSection(SolutionConfigurationPlatforms) = preSolution
		Debug|Any CPU = Debug|Any CPU
		Release|Any CPU = Release|Any CPU
	EndGlobalSection
	GlobalSection(ProjectConfigurationPlatforms) = postSolution
		{3C43BB90-A039-4659-873A-D94773D43EEC}.Debug|Any CPU.ActiveCfg = Debug|Any CPU
		{3C43BB90-A039-4659-873A-D94773D43EEC}.Debug|Any CPU.Build.0 = Debug|Any CPU
		{3C43BB90-A039-4659-873A-D94773D43EEC}.Release|Any CPU.ActiveCfg = Release|Any CPU
		{3C43BB90-A039-4659-873A-D94773D43EEC}.Release|Any CPU.Build.0 = Release|Any CPU
		{70EF0863-7027-4F2F-83C0-2A38F59E6C64}.Debug|Any CPU.ActiveCfg = Debug|Any CPU
		{70EF0863-7027-4F2F-83C0-2A38F59E6C64}.Debug|Any CPU.Build.0 = Debug|Any CPU
		{70EF0863-7027-4F2F-83C0-2A38F59E6C64}.Release|Any CPU.ActiveCfg = Release|Any CPU
		{70EF0863-7027-4F2F-83C0-2A38F59E6C64}.Release|Any CPU.Build.0 = Release|Any CPU
		{EFFBB70E-0D2E-40A7-8F06-3000CF091740}.Debug|Any CPU.ActiveCfg = Debug|Any CPU
		{EFFBB70E-0D2E-40A7-8F06-3000CF091740}.Debug|Any CPU.Build.0 = Debug|Any CPU
		{EFFBB70E-0D2E-40A7-8F06-3000CF091740}.Release|Any CPU.ActiveCfg = Release|Any CPU
		{EFFBB70E-0D2E-40A7-8F06-3000CF091740}.Release|Any CPU.Build.0 = Release|Any CPU
		{D2BC5F18-68E0-4C7A-9C72-BCDF8D2CE751}.Debug|Any CPU.ActiveCfg = Debug|Any CPU
		{D2BC5F18-68E0-4C7A-9C72-BCDF8D2CE751}.Debug|Any CPU.Build.0 = Debug|Any CPU
		{D2BC5F18-68E0-4C7A-9C72-BCDF8D2CE751}.Release|Any CPU.ActiveCfg = Release|Any CPU
		{D2BC5F18-68E0-4C7A-9C72-BCDF8D2CE751}.Release|Any CPU.Build.0 = Release|Any CPU
		{0FE6F490-4A8B-4EF5-A576-07F0ACCE411D}.Debug|Any CPU.ActiveCfg = Debug|Any CPU
		{0FE6F490-4A8B-4EF5-A576-07F0ACCE411D}.Debug|Any CPU.Build.0 = Debug|Any CPU
		{0FE6F490-4A8B-4EF5-A576-07F0ACCE411D}.Release|Any CPU.ActiveCfg = Release|Any CPU
		{0FE6F490-4A8B-4EF5-A576-07F0ACCE411D}.Release|Any CPU.Build.0 = Release|Any CPU
	EndGlobalSection
	GlobalSection(SolutionProperties) = preSolution
		HideSolutionNode = FALSE
	EndGlobalSection
	GlobalSection(ExtensibilityGlobals) = postSolution
		SolutionGuid = {3590F14C-6C16-4BC9-8204-C54CFD020EB1}
	EndGlobalSection
EndGlobal
